
Microsoft Visual Studio Solution File, Format Version 12.00
# Visual Studio Version 17
VisualStudioVersion = 17.3.32922.545
MinimumVisualStudioVersion = 10.0.40219.1
Project("{9A19103F-16F7-4668-BE54-9A1E7A4F7556}") = "TestOfSpelling", "TestOfSpelling\TestOfSpelling.csproj", "{920BA276-5EC1-4760-9FD4-4310C104816C}"
EndProject
Project("{FAE04EC0-301F-11D3-BF4B-00C04F79EFBC}") = "SpellingApp", "SpellingApp\SpellingApp.csproj", "{137FD5D7-7575-4284-BEE1-467F07B5DCC2}"
EndProject
Global
	GlobalSection(SolutionConfigurationPlatforms) = preSolution
		Debug|Any CPU = Debug|Any CPU
		Release|Any CPU = Release|Any CPU
	EndGlobalSection
	GlobalSection(ProjectConfigurationPlatforms) = postSolution
		{920BA276-5EC1-4760-9FD4-4310C104816C}.Debug|Any CPU.ActiveCfg = Debug|Any CPU
		{920BA276-5EC1-4760-9FD4-4310C104816C}.Debug|Any CPU.Build.0 = Debug|Any CPU
		{920BA276-5EC1-4760-9FD4-4310C104816C}.Release|Any CPU.ActiveCfg = Release|Any CPU
		{920BA276-5EC1-4760-9FD4-4310C104816C}.Release|Any CPU.Build.0 = Release|Any CPU
		{137FD5D7-7575-4284-BEE1-467F07B5DCC2}.Debug|Any CPU.ActiveCfg = Debug|Any CPU
		{137FD5D7-7575-4284-BEE1-467F07B5DCC2}.Debug|Any CPU.Build.0 = Debug|Any CPU
		{137FD5D7-7575-4284-BEE1-467F07B5DCC2}.Release|Any CPU.ActiveCfg = Release|Any CPU
		{137FD5D7-7575-4284-BEE1-467F07B5DCC2}.Release|Any CPU.Build.0 = Release|Any CPU
	EndGlobalSection
	GlobalSection(SolutionProperties) = preSolution
		HideSolutionNode = FALSE
	EndGlobalSection
	GlobalSection(ExtensibilityGlobals) = postSolution
		SolutionGuid = {59933356-122D-474B-97ED-1DA9BE6993DC}
	EndGlobalSection
EndGlobal
